
Microsoft Visual Studio Solution File, Format Version 12.00
# Visual Studio 2012
Project("{FAE04EC0-301F-11D3-BF4B-00C04F79EFBC}") = "SheetGUI", "SheetGUI\SheetGUI.csproj", "{F85C0C41-9154-454F-96B6-045633C36AFA}"
EndProject
Project("{FAE04EC0-301F-11D3-BF4B-00C04F79EFBC}") = "SheetDAL", "SheetDAL\SheetDAL.csproj", "{575B0C0E-9471-42EA-A0B4-A71A364B0316}"
EndProject
Project("{FAE04EC0-301F-11D3-BF4B-00C04F79EFBC}") = "SheetBLL", "SheetBLL\SheetBLL.csproj", "{F9C84E28-9E8B-4E1D-B92D-80A27B1450B1}"
EndProject
Project("{FAE04EC0-301F-11D3-BF4B-00C04F79EFBC}") = "SheetFacade", "SheetFacade\SheetFacade.csproj", "{199D2031-7E60-4C4D-B997-EA84398EA8E8}"
EndProject
Project("{FAE04EC0-301F-11D3-BF4B-00C04F79EFBC}") = "DataManagementConsole", "DataManagementConsole\DataManagementConsole.csproj", "{77673D2F-C527-45AE-8A71-5F31DCFECE25}"
EndProject
Project("{FAE04EC0-301F-11D3-BF4B-00C04F79EFBC}") = "UIControls", "UIControls\UIControls.csproj", "{A3082956-9EE4-4B35-9B4E-B07D0C4C8B56}"
EndProject
Project("{FAE04EC0-301F-11D3-BF4B-00C04F79EFBC}") = "Wpf.TabControl", "TabControl\Wpf.TabControl.csproj", "{509D06BD-AEB6-4E92-8E5B-21188EBDBD9C}"
EndProject
Project("{FAE04EC0-301F-11D3-BF4B-00C04F79EFBC}") = "LabelsControl", "LabelsControl\LabelsControl.csproj", "{3ED0F92F-4FA6-4152-8BE1-EE93A785E2EC}"
EndProject
Project("{FAE04EC0-301F-11D3-BF4B-00C04F79EFBC}") = "OSIcon", "OSIcon\OSIcon.csproj", "{3233B80B-EBA7-42E0-999D-7B63FF02A8CC}"
EndProject
Project("{FAE04EC0-301F-11D3-BF4B-00C04F79EFBC}") = "SheetBLLService", "SheetBLLService\SheetBLLService.csproj", "{15B3E0D2-6217-493A-A690-158C497F5318}"
EndProject
Project("{2150E333-8FDC-42A3-9474-1A3956D46DE8}") = ".nuget", ".nuget", "{61926B72-CEE1-4452-B547-AB26D636F786}"
	ProjectSection(SolutionItems) = preProject
		.nuget\NuGet.Config = .nuget\NuGet.Config
		.nuget\NuGet.exe = .nuget\NuGet.exe
		.nuget\NuGet.targets = .nuget\NuGet.targets
	EndProjectSection
EndProject
Project("{FAE04EC0-301F-11D3-BF4B-00C04F79EFBC}") = "SheetModernGUI", "SheetModernGUI\SheetModernGUI.csproj", "{75CCCE90-11AA-405D-A128-FEA952708D15}"
	ProjectSection(ProjectDependencies) = postProject
		{15B3E0D2-6217-493A-A690-158C497F5318} = {15B3E0D2-6217-493A-A690-158C497F5318}
	EndProjectSection
EndProject
Project("{FAE04EC0-301F-11D3-BF4B-00C04F79EFBC}") = "LabelsControlWinRT", "LabelsControlWinRT\LabelsControlWinRT.csproj", "{0AC94D3F-BA17-4E34-B4EC-0F096A2DABB6}"
EndProject
Global
	GlobalSection(SubversionScc) = preSolution
		Svn-Managed = True
		Manager = AnkhSVN - Subversion Support for Visual Studio
	EndGlobalSection
	GlobalSection(SolutionConfigurationPlatforms) = preSolution
		Debug|Any CPU = Debug|Any CPU
		Debug|ARM = Debug|ARM
		Debug|x64 = Debug|x64
		Debug|x86 = Debug|x86
		Release|Any CPU = Release|Any CPU
		Release|ARM = Release|ARM
		Release|x64 = Release|x64
		Release|x86 = Release|x86
	EndGlobalSection
	GlobalSection(ProjectConfigurationPlatforms) = postSolution
		{F85C0C41-9154-454F-96B6-045633C36AFA}.Debug|Any CPU.ActiveCfg = Release|Any CPU
		{F85C0C41-9154-454F-96B6-045633C36AFA}.Debug|ARM.ActiveCfg = Debug|Any CPU
		{F85C0C41-9154-454F-96B6-045633C36AFA}.Debug|x64.ActiveCfg = Debug|Any CPU
		{F85C0C41-9154-454F-96B6-045633C36AFA}.Debug|x86.ActiveCfg = Debug|Any CPU
		{F85C0C41-9154-454F-96B6-045633C36AFA}.Release|Any CPU.ActiveCfg = Release|Any CPU
		{F85C0C41-9154-454F-96B6-045633C36AFA}.Release|ARM.ActiveCfg = Release|Any CPU
		{F85C0C41-9154-454F-96B6-045633C36AFA}.Release|x64.ActiveCfg = Release|Any CPU
		{F85C0C41-9154-454F-96B6-045633C36AFA}.Release|x86.ActiveCfg = Release|Any CPU
		{575B0C0E-9471-42EA-A0B4-A71A364B0316}.Debug|Any CPU.ActiveCfg = Release|Any CPU
		{575B0C0E-9471-42EA-A0B4-A71A364B0316}.Debug|Any CPU.Build.0 = Release|Any CPU
		{575B0C0E-9471-42EA-A0B4-A71A364B0316}.Debug|ARM.ActiveCfg = Debug|Any CPU
		{575B0C0E-9471-42EA-A0B4-A71A364B0316}.Debug|x64.ActiveCfg = Debug|Any CPU
		{575B0C0E-9471-42EA-A0B4-A71A364B0316}.Debug|x86.ActiveCfg = Debug|Any CPU
		{575B0C0E-9471-42EA-A0B4-A71A364B0316}.Release|Any CPU.ActiveCfg = Release|Any CPU
		{575B0C0E-9471-42EA-A0B4-A71A364B0316}.Release|Any CPU.Build.0 = Release|Any CPU
		{575B0C0E-9471-42EA-A0B4-A71A364B0316}.Release|ARM.ActiveCfg = Release|Any CPU
		{575B0C0E-9471-42EA-A0B4-A71A364B0316}.Release|x64.ActiveCfg = Release|Any CPU
		{575B0C0E-9471-42EA-A0B4-A71A364B0316}.Release|x86.ActiveCfg = Release|Any CPU
		{F9C84E28-9E8B-4E1D-B92D-80A27B1450B1}.Debug|Any CPU.ActiveCfg = Release|Any CPU
		{F9C84E28-9E8B-4E1D-B92D-80A27B1450B1}.Debug|Any CPU.Build.0 = Release|Any CPU
		{F9C84E28-9E8B-4E1D-B92D-80A27B1450B1}.Debug|ARM.ActiveCfg = Debug|Any CPU
		{F9C84E28-9E8B-4E1D-B92D-80A27B1450B1}.Debug|x64.ActiveCfg = Debug|Any CPU
		{F9C84E28-9E8B-4E1D-B92D-80A27B1450B1}.Debug|x86.ActiveCfg = Debug|Any CPU
		{F9C84E28-9E8B-4E1D-B92D-80A27B1450B1}.Release|Any CPU.ActiveCfg = Release|Any CPU
		{F9C84E28-9E8B-4E1D-B92D-80A27B1450B1}.Release|Any CPU.Build.0 = Release|Any CPU
		{F9C84E28-9E8B-4E1D-B92D-80A27B1450B1}.Release|ARM.ActiveCfg = Release|Any CPU
		{F9C84E28-9E8B-4E1D-B92D-80A27B1450B1}.Release|x64.ActiveCfg = Release|Any CPU
		{F9C84E28-9E8B-4E1D-B92D-80A27B1450B1}.Release|x86.ActiveCfg = Release|Any CPU
		{199D2031-7E60-4C4D-B997-EA84398EA8E8}.Debug|Any CPU.ActiveCfg = Release|Any CPU
		{199D2031-7E60-4C4D-B997-EA84398EA8E8}.Debug|Any CPU.Build.0 = Release|Any CPU
		{199D2031-7E60-4C4D-B997-EA84398EA8E8}.Debug|ARM.ActiveCfg = Debug|Any CPU
		{199D2031-7E60-4C4D-B997-EA84398EA8E8}.Debug|x64.ActiveCfg = Debug|Any CPU
		{199D2031-7E60-4C4D-B997-EA84398EA8E8}.Debug|x86.ActiveCfg = Debug|Any CPU
		{199D2031-7E60-4C4D-B997-EA84398EA8E8}.Release|Any CPU.ActiveCfg = Release|Any CPU
		{199D2031-7E60-4C4D-B997-EA84398EA8E8}.Release|Any CPU.Build.0 = Release|Any CPU
		{199D2031-7E60-4C4D-B997-EA84398EA8E8}.Release|ARM.ActiveCfg = Release|Any CPU
		{199D2031-7E60-4C4D-B997-EA84398EA8E8}.Release|x64.ActiveCfg = Release|Any CPU
		{199D2031-7E60-4C4D-B997-EA84398EA8E8}.Release|x86.ActiveCfg = Release|Any CPU
		{77673D2F-C527-45AE-8A71-5F31DCFECE25}.Debug|Any CPU.ActiveCfg = Release|Any CPU
		{77673D2F-C527-45AE-8A71-5F31DCFECE25}.Debug|ARM.ActiveCfg = Debug|Any CPU
		{77673D2F-C527-45AE-8A71-5F31DCFECE25}.Debug|x64.ActiveCfg = Debug|Any CPU
		{77673D2F-C527-45AE-8A71-5F31DCFECE25}.Debug|x86.ActiveCfg = Debug|Any CPU
		{77673D2F-C527-45AE-8A71-5F31DCFECE25}.Release|Any CPU.ActiveCfg = Release|Any CPU
		{77673D2F-C527-45AE-8A71-5F31DCFECE25}.Release|Any CPU.Deploy.0 = Release|Any CPU
		{77673D2F-C527-45AE-8A71-5F31DCFECE25}.Release|ARM.ActiveCfg = Release|Any CPU
		{77673D2F-C527-45AE-8A71-5F31DCFECE25}.Release|x64.ActiveCfg = Release|Any CPU
		{77673D2F-C527-45AE-8A71-5F31DCFECE25}.Release|x86.ActiveCfg = Release|Any CPU
		{A3082956-9EE4-4B35-9B4E-B07D0C4C8B56}.Debug|Any CPU.ActiveCfg = Release|Any CPU
		{A3082956-9EE4-4B35-9B4E-B07D0C4C8B56}.Debug|Any CPU.Build.0 = Release|Any CPU
		{A3082956-9EE4-4B35-9B4E-B07D0C4C8B56}.Debug|ARM.ActiveCfg = Debug|Any CPU
		{A3082956-9EE4-4B35-9B4E-B07D0C4C8B56}.Debug|x64.ActiveCfg = Debug|Any CPU
		{A3082956-9EE4-4B35-9B4E-B07D0C4C8B56}.Debug|x86.ActiveCfg = Debug|Any CPU
		{A3082956-9EE4-4B35-9B4E-B07D0C4C8B56}.Release|Any CPU.ActiveCfg = Release|Any CPU
		{A3082956-9EE4-4B35-9B4E-B07D0C4C8B56}.Release|Any CPU.Build.0 = Release|Any CPU
		{A3082956-9EE4-4B35-9B4E-B07D0C4C8B56}.Release|ARM.ActiveCfg = Release|Any CPU
		{A3082956-9EE4-4B35-9B4E-B07D0C4C8B56}.Release|x64.ActiveCfg = Release|Any CPU
		{A3082956-9EE4-4B35-9B4E-B07D0C4C8B56}.Release|x86.ActiveCfg = Release|Any CPU
		{509D06BD-AEB6-4E92-8E5B-21188EBDBD9C}.Debug|Any CPU.ActiveCfg = Release|Any CPU
		{509D06BD-AEB6-4E92-8E5B-21188EBDBD9C}.Debug|Any CPU.Build.0 = Release|Any CPU
		{509D06BD-AEB6-4E92-8E5B-21188EBDBD9C}.Debug|ARM.ActiveCfg = Debug|Any CPU
		{509D06BD-AEB6-4E92-8E5B-21188EBDBD9C}.Debug|x64.ActiveCfg = Debug|Any CPU
		{509D06BD-AEB6-4E92-8E5B-21188EBDBD9C}.Debug|x86.ActiveCfg = Debug|Any CPU
		{509D06BD-AEB6-4E92-8E5B-21188EBDBD9C}.Release|Any CPU.ActiveCfg = Release|Any CPU
		{509D06BD-AEB6-4E92-8E5B-21188EBDBD9C}.Release|Any CPU.Build.0 = Release|Any CPU
		{509D06BD-AEB6-4E92-8E5B-21188EBDBD9C}.Release|ARM.ActiveCfg = Release|Any CPU
		{509D06BD-AEB6-4E92-8E5B-21188EBDBD9C}.Release|x64.ActiveCfg = Release|Any CPU
		{509D06BD-AEB6-4E92-8E5B-21188EBDBD9C}.Release|x86.ActiveCfg = Release|Any CPU
		{3ED0F92F-4FA6-4152-8BE1-EE93A785E2EC}.Debug|Any CPU.ActiveCfg = Release|Any CPU
		{3ED0F92F-4FA6-4152-8BE1-EE93A785E2EC}.Debug|Any CPU.Build.0 = Release|Any CPU
		{3ED0F92F-4FA6-4152-8BE1-EE93A785E2EC}.Debug|ARM.ActiveCfg = Debug|Any CPU
		{3ED0F92F-4FA6-4152-8BE1-EE93A785E2EC}.Debug|x64.ActiveCfg = Debug|Any CPU
		{3ED0F92F-4FA6-4152-8BE1-EE93A785E2EC}.Debug|x86.ActiveCfg = Debug|Any CPU
		{3ED0F92F-4FA6-4152-8BE1-EE93A785E2EC}.Release|Any CPU.ActiveCfg = Release|Any CPU
		{3ED0F92F-4FA6-4152-8BE1-EE93A785E2EC}.Release|Any CPU.Build.0 = Release|Any CPU
		{3ED0F92F-4FA6-4152-8BE1-EE93A785E2EC}.Release|ARM.ActiveCfg = Release|Any CPU
		{3ED0F92F-4FA6-4152-8BE1-EE93A785E2EC}.Release|x64.ActiveCfg = Release|Any CPU
		{3ED0F92F-4FA6-4152-8BE1-EE93A785E2EC}.Release|x86.ActiveCfg = Release|Any CPU
		{3233B80B-EBA7-42E0-999D-7B63FF02A8CC}.Debug|Any CPU.ActiveCfg = Release|Any CPU
		{3233B80B-EBA7-42E0-999D-7B63FF02A8CC}.Debug|Any CPU.Build.0 = Release|Any CPU
		{3233B80B-EBA7-42E0-999D-7B63FF02A8CC}.Debug|ARM.ActiveCfg = Debug|Any CPU
		{3233B80B-EBA7-42E0-999D-7B63FF02A8CC}.Debug|x64.ActiveCfg = Debug|Any CPU
		{3233B80B-EBA7-42E0-999D-7B63FF02A8CC}.Debug|x86.ActiveCfg = Debug|Any CPU
		{3233B80B-EBA7-42E0-999D-7B63FF02A8CC}.Release|Any CPU.ActiveCfg = Release|Any CPU
		{3233B80B-EBA7-42E0-999D-7B63FF02A8CC}.Release|Any CPU.Build.0 = Release|Any CPU
		{3233B80B-EBA7-42E0-999D-7B63FF02A8CC}.Release|ARM.ActiveCfg = Release|Any CPU
		{3233B80B-EBA7-42E0-999D-7B63FF02A8CC}.Release|x64.ActiveCfg = Release|Any CPU
		{3233B80B-EBA7-42E0-999D-7B63FF02A8CC}.Release|x86.ActiveCfg = Release|Any CPU
		{15B3E0D2-6217-493A-A690-158C497F5318}.Debug|Any CPU.ActiveCfg = Release|Any CPU
		{15B3E0D2-6217-493A-A690-158C497F5318}.Debug|Any CPU.Build.0 = Release|Any CPU
		{15B3E0D2-6217-493A-A690-158C497F5318}.Debug|ARM.ActiveCfg = Debug|Any CPU
		{15B3E0D2-6217-493A-A690-158C497F5318}.Debug|x64.ActiveCfg = Debug|Any CPU
		{15B3E0D2-6217-493A-A690-158C497F5318}.Debug|x86.ActiveCfg = Debug|Any CPU
		{15B3E0D2-6217-493A-A690-158C497F5318}.Release|Any CPU.ActiveCfg = Release|Any CPU
		{15B3E0D2-6217-493A-A690-158C497F5318}.Release|Any CPU.Build.0 = Release|Any CPU
		{15B3E0D2-6217-493A-A690-158C497F5318}.Release|ARM.ActiveCfg = Release|Any CPU
		{15B3E0D2-6217-493A-A690-158C497F5318}.Release|x64.ActiveCfg = Release|Any CPU
		{15B3E0D2-6217-493A-A690-158C497F5318}.Release|x86.ActiveCfg = Release|Any CPU
		{75CCCE90-11AA-405D-A128-FEA952708D15}.Debug|Any CPU.ActiveCfg = Release|Any CPU
		{75CCCE90-11AA-405D-A128-FEA952708D15}.Debug|Any CPU.Build.0 = Release|Any CPU
		{75CCCE90-11AA-405D-A128-FEA952708D15}.Debug|Any CPU.Deploy.0 = Release|Any CPU
		{75CCCE90-11AA-405D-A128-FEA952708D15}.Debug|ARM.ActiveCfg = Debug|ARM
		{75CCCE90-11AA-405D-A128-FEA952708D15}.Debug|ARM.Build.0 = Debug|ARM
		{75CCCE90-11AA-405D-A128-FEA952708D15}.Debug|ARM.Deploy.0 = Debug|ARM
		{75CCCE90-11AA-405D-A128-FEA952708D15}.Debug|x64.ActiveCfg = Debug|x64
		{75CCCE90-11AA-405D-A128-FEA952708D15}.Debug|x64.Build.0 = Debug|x64
		{75CCCE90-11AA-405D-A128-FEA952708D15}.Debug|x64.Deploy.0 = Debug|x64
		{75CCCE90-11AA-405D-A128-FEA952708D15}.Debug|x86.ActiveCfg = Debug|x86
		{75CCCE90-11AA-405D-A128-FEA952708D15}.Debug|x86.Build.0 = Debug|x86
		{75CCCE90-11AA-405D-A128-FEA952708D15}.Debug|x86.Deploy.0 = Debug|x86
		{75CCCE90-11AA-405D-A128-FEA952708D15}.Release|Any CPU.ActiveCfg = Release|Any CPU
		{75CCCE90-11AA-405D-A128-FEA952708D15}.Release|Any CPU.Build.0 = Release|Any CPU
		{75CCCE90-11AA-405D-A128-FEA952708D15}.Release|Any CPU.Deploy.0 = Release|Any CPU
		{75CCCE90-11AA-405D-A128-FEA952708D15}.Release|ARM.ActiveCfg = Release|ARM
		{75CCCE90-11AA-405D-A128-FEA952708D15}.Release|ARM.Build.0 = Release|ARM
		{75CCCE90-11AA-405D-A128-FEA952708D15}.Release|ARM.Deploy.0 = Release|ARM
		{75CCCE90-11AA-405D-A128-FEA952708D15}.Release|x64.ActiveCfg = Release|x64
		{75CCCE90-11AA-405D-A128-FEA952708D15}.Release|x64.Build.0 = Release|x64
		{75CCCE90-11AA-405D-A128-FEA952708D15}.Release|x64.Deploy.0 = Release|x64
		{75CCCE90-11AA-405D-A128-FEA952708D15}.Release|x86.ActiveCfg = Release|x86
		{75CCCE90-11AA-405D-A128-FEA952708D15}.Release|x86.Build.0 = Release|x86
		{75CCCE90-11AA-405D-A128-FEA952708D15}.Release|x86.Deploy.0 = Release|x86
		{0AC94D3F-BA17-4E34-B4EC-0F096A2DABB6}.Debug|Any CPU.ActiveCfg = Debug|Any CPU
		{0AC94D3F-BA17-4E34-B4EC-0F096A2DABB6}.Debug|Any CPU.Build.0 = Debug|Any CPU
		{0AC94D3F-BA17-4E34-B4EC-0F096A2DABB6}.Debug|ARM.ActiveCfg = Debug|ARM
		{0AC94D3F-BA17-4E34-B4EC-0F096A2DABB6}.Debug|ARM.Build.0 = Debug|ARM
		{0AC94D3F-BA17-4E34-B4EC-0F096A2DABB6}.Debug|x64.ActiveCfg = Debug|x64
		{0AC94D3F-BA17-4E34-B4EC-0F096A2DABB6}.Debug|x64.Build.0 = Debug|x64
		{0AC94D3F-BA17-4E34-B4EC-0F096A2DABB6}.Debug|x86.ActiveCfg = Debug|x86
		{0AC94D3F-BA17-4E34-B4EC-0F096A2DABB6}.Debug|x86.Build.0 = Debug|x86
		{0AC94D3F-BA17-4E34-B4EC-0F096A2DABB6}.Release|Any CPU.ActiveCfg = Release|Any CPU
		{0AC94D3F-BA17-4E34-B4EC-0F096A2DABB6}.Release|Any CPU.Build.0 = Release|Any CPU
		{0AC94D3F-BA17-4E34-B4EC-0F096A2DABB6}.Release|ARM.ActiveCfg = Release|ARM
		{0AC94D3F-BA17-4E34-B4EC-0F096A2DABB6}.Release|ARM.Build.0 = Release|ARM
		{0AC94D3F-BA17-4E34-B4EC-0F096A2DABB6}.Release|x64.ActiveCfg = Release|x64
		{0AC94D3F-BA17-4E34-B4EC-0F096A2DABB6}.Release|x64.Build.0 = Release|x64
		{0AC94D3F-BA17-4E34-B4EC-0F096A2DABB6}.Release|x86.ActiveCfg = Release|x86
		{0AC94D3F-BA17-4E34-B4EC-0F096A2DABB6}.Release|x86.Build.0 = Release|x86
	EndGlobalSection
	GlobalSection(SolutionProperties) = preSolution
		HideSolutionNode = FALSE
	EndGlobalSection
	GlobalSection(Performance) = preSolution
		HasPerformanceSessions = true
	EndGlobalSection
EndGlobal
